
Microsoft Visual Studio Solution File, Format Version 12.00
# Visual Studio Version 16
VisualStudioVersion = 25.0.1700.0
MinimumVisualStudioVersion = 10.0.40219.1
Project("{2150E333-8FDC-42A3-9474-1A3956D46DE8}") = "01 - Applications", "01 - Applications", "{E317CDC0-DD5F-44D0-A6A1-7DBF0F0BD5EA}"
EndProject
Project("{2150E333-8FDC-42A3-9474-1A3956D46DE8}") = "02 - VotingCoreSystem", "02 - VotingCoreSystem", "{C42DC558-E56D-414D-8F27-E9456589AB8E}"
EndProject
Project("{2150E333-8FDC-42A3-9474-1A3956D46DE8}") = "03 - Shared", "03 - Shared", "{C859BA1E-AF4F-4B03-83C7-3D92A176D123}"
EndProject
Project("{FAE04EC0-301F-11D3-BF4B-00C04F79EFBC}") = "TW.Training.Vote.Infrastructure", "TW.Training.Vote.Infrastructure\TW.Training.Vote.Infrastructure.csproj", "{F67F85A4-D4BE-43C6-BEE1-867A39090542}"
EndProject
Project("{FAE04EC0-301F-11D3-BF4B-00C04F79EFBC}") = "TW.Training.Vote.Domain", "TW.Training.Vote.Domain\TW.Training.Vote.Domain.csproj", "{409FE211-6984-4AA6-B35E-4BC19F1FBFDE}"
EndProject
Project("{FAE04EC0-301F-11D3-BF4B-00C04F79EFBC}") = "TW.Infrastructure.Domain", "TW.Infrastructure.Domain\TW.Infrastructure.Domain.csproj", "{0DC5C342-6D6B-4118-8672-DB8A37A726EC}"
EndProject
Project("{FAE04EC0-301F-11D3-BF4B-00C04F79EFBC}") = "TW.Infrastructure.Core", "TW.Infrastructure.Core\TW.Infrastructure.Core.csproj", "{D4ED6E22-F599-48E7-B29F-7A12EF7A5783}"
EndProject
Project("{FAE04EC0-301F-11D3-BF4B-00C04F79EFBC}") = "TW.Infrastructure.EFCore", "TW.Infrastructure.EFCore\TW.Infrastructure.EFCore.csproj", "{E8035A64-BA7F-45D3-8006-3D19871036F4}"
EndProject
Project("{FAE04EC0-301F-11D3-BF4B-00C04F79EFBC}") = "TW.Training.Vote.WebApi", "TW.Training.Vote.WebApi\TW.Training.Vote.WebApi.csproj", "{82A926DC-CF5E-458F-AA4C-69C098DBF690}"
EndProject
Project("{FAE04EC0-301F-11D3-BF4B-00C04F79EFBC}") = "TW.Infrastructure.Core.Test", "TW.Infrastructure.Core.Test\TW.Infrastructure.Core.Test.csproj", "{44111165-99FC-40D5-8ACF-1CDE3E75F483}"
EndProject
Project("{2150E333-8FDC-42A3-9474-1A3956D46DE8}") = "Tests", "Tests", "{D01BE6EE-CA7C-46C1-AA19-6303F42CFC4A}"
EndProject
Project("{2150E333-8FDC-42A3-9474-1A3956D46DE8}") = "Tests", "Tests", "{A6674FF4-55B5-40A2-BC07-9AF9E4F58AA5}"
EndProject
Project("{FAE04EC0-301F-11D3-BF4B-00C04F79EFBC}") = "TW.Infrastructure.ApsNetCore", "TW.Infrastructure.ApsNetCore\TW.Infrastructure.ApsNetCore.csproj", "{824F4A29-9869-46E8-836E-9A6191E16EC0}"
EndProject
Project("{FAE04EC0-301F-11D3-BF4B-00C04F79EFBC}") = "TW.SpringFestivalGALA2023.Web", "TW.SpringFestivalGALA2023.Web\TW.SpringFestivalGALA2023.Web.csproj", "{B7431186-0C55-4879-A963-334D80D4989C}"
EndProject
Project("{FAE04EC0-301F-11D3-BF4B-00C04F79EFBC}") = "TW.Training.Vote.Domain.UnitTests", "TW.Training.Vote.Domain.UnitTests\TW.Training.Vote.Domain.UnitTests.csproj", "{E3461CD6-4D14-4AB2-8AE5-11CE32D55D2A}"
EndProject
Project("{FAE04EC0-301F-11D3-BF4B-00C04F79EFBC}") = "TW.Infrastructure.TransientFaultProcess", "TW.Infrastructure.TransientFaultProcess\TW.Infrastructure.TransientFaultProcess.csproj", "{DE7A3531-EF85-4989-9669-B4660077CA91}"
EndProject
Project("{FAE04EC0-301F-11D3-BF4B-00C04F79EFBC}") = "TW.Infrastructure.RestsharpHttpClient", "TW.Infrastructure.RestsharpHttpClient\TW.Infrastructure.RestsharpHttpClient.csproj", "{FFBB9D49-F8BF-4948-83CD-F74FBB10D874}"
EndProject
Global
	GlobalSection(SolutionConfigurationPlatforms) = preSolution
		Debug|Any CPU = Debug|Any CPU
		Release|Any CPU = Release|Any CPU
	EndGlobalSection
	GlobalSection(ProjectConfigurationPlatforms) = postSolution
		{F67F85A4-D4BE-43C6-BEE1-867A39090542}.Debug|Any CPU.ActiveCfg = Debug|Any CPU
		{F67F85A4-D4BE-43C6-BEE1-867A39090542}.Debug|Any CPU.Build.0 = Debug|Any CPU
		{F67F85A4-D4BE-43C6-BEE1-867A39090542}.Release|Any CPU.ActiveCfg = Release|Any CPU
		{F67F85A4-D4BE-43C6-BEE1-867A39090542}.Release|Any CPU.Build.0 = Release|Any CPU
		{409FE211-6984-4AA6-B35E-4BC19F1FBFDE}.Debug|Any CPU.ActiveCfg = Debug|Any CPU
		{409FE211-6984-4AA6-B35E-4BC19F1FBFDE}.Debug|Any CPU.Build.0 = Debug|Any CPU
		{409FE211-6984-4AA6-B35E-4BC19F1FBFDE}.Release|Any CPU.ActiveCfg = Release|Any CPU
		{409FE211-6984-4AA6-B35E-4BC19F1FBFDE}.Release|Any CPU.Build.0 = Release|Any CPU
		{0DC5C342-6D6B-4118-8672-DB8A37A726EC}.Debug|Any CPU.ActiveCfg = Debug|Any CPU
		{0DC5C342-6D6B-4118-8672-DB8A37A726EC}.Debug|Any CPU.Build.0 = Debug|Any CPU
		{0DC5C342-6D6B-4118-8672-DB8A37A726EC}.Release|Any CPU.ActiveCfg = Release|Any CPU
		{0DC5C342-6D6B-4118-8672-DB8A37A726EC}.Release|Any CPU.Build.0 = Release|Any CPU
		{D4ED6E22-F599-48E7-B29F-7A12EF7A5783}.Debug|Any CPU.ActiveCfg = Debug|Any CPU
		{D4ED6E22-F599-48E7-B29F-7A12EF7A5783}.Debug|Any CPU.Build.0 = Debug|Any CPU
		{D4ED6E22-F599-48E7-B29F-7A12EF7A5783}.Release|Any CPU.ActiveCfg = Release|Any CPU
		{D4ED6E22-F599-48E7-B29F-7A12EF7A5783}.Release|Any CPU.Build.0 = Release|Any CPU
		{E8035A64-BA7F-45D3-8006-3D19871036F4}.Debug|Any CPU.ActiveCfg = Debug|Any CPU
		{E8035A64-BA7F-45D3-8006-3D19871036F4}.Debug|Any CPU.Build.0 = Debug|Any CPU
		{E8035A64-BA7F-45D3-8006-3D19871036F4}.Release|Any CPU.ActiveCfg = Release|Any CPU
		{E8035A64-BA7F-45D3-8006-3D19871036F4}.Release|Any CPU.Build.0 = Release|Any CPU
		{82A926DC-CF5E-458F-AA4C-69C098DBF690}.Debug|Any CPU.ActiveCfg = Debug|Any CPU
		{82A926DC-CF5E-458F-AA4C-69C098DBF690}.Debug|Any CPU.Build.0 = Debug|Any CPU
		{82A926DC-CF5E-458F-AA4C-69C098DBF690}.Release|Any CPU.ActiveCfg = Release|Any CPU
		{82A926DC-CF5E-458F-AA4C-69C098DBF690}.Release|Any CPU.Build.0 = Release|Any CPU
		{44111165-99FC-40D5-8ACF-1CDE3E75F483}.Debug|Any CPU.ActiveCfg = Debug|Any CPU
		{44111165-99FC-40D5-8ACF-1CDE3E75F483}.Debug|Any CPU.Build.0 = Debug|Any CPU
		{44111165-99FC-40D5-8ACF-1CDE3E75F483}.Release|Any CPU.ActiveCfg = Release|Any CPU
		{44111165-99FC-40D5-8ACF-1CDE3E75F483}.Release|Any CPU.Build.0 = Release|Any CPU
		{824F4A29-9869-46E8-836E-9A6191E16EC0}.Debug|Any CPU.ActiveCfg = Debug|Any CPU
		{824F4A29-9869-46E8-836E-9A6191E16EC0}.Debug|Any CPU.Build.0 = Debug|Any CPU
		{824F4A29-9869-46E8-836E-9A6191E16EC0}.Release|Any CPU.ActiveCfg = Release|Any CPU
		{824F4A29-9869-46E8-836E-9A6191E16EC0}.Release|Any CPU.Build.0 = Release|Any CPU
		{B7431186-0C55-4879-A963-334D80D4989C}.Debug|Any CPU.ActiveCfg = Debug|Any CPU
		{B7431186-0C55-4879-A963-334D80D4989C}.Debug|Any CPU.Build.0 = Debug|Any CPU
		{B7431186-0C55-4879-A963-334D80D4989C}.Release|Any CPU.ActiveCfg = Release|Any CPU
		{B7431186-0C55-4879-A963-334D80D4989C}.Release|Any CPU.Build.0 = Release|Any CPU
		{E3461CD6-4D14-4AB2-8AE5-11CE32D55D2A}.Debug|Any CPU.ActiveCfg = Debug|Any CPU
		{E3461CD6-4D14-4AB2-8AE5-11CE32D55D2A}.Debug|Any CPU.Build.0 = Debug|Any CPU
		{E3461CD6-4D14-4AB2-8AE5-11CE32D55D2A}.Release|Any CPU.ActiveCfg = Release|Any CPU
		{E3461CD6-4D14-4AB2-8AE5-11CE32D55D2A}.Release|Any CPU.Build.0 = Release|Any CPU
		{DE7A3531-EF85-4989-9669-B4660077CA91}.Debug|Any CPU.ActiveCfg = Debug|Any CPU
		{DE7A3531-EF85-4989-9669-B4660077CA91}.Debug|Any CPU.Build.0 = Debug|Any CPU
		{DE7A3531-EF85-4989-9669-B4660077CA91}.Release|Any CPU.ActiveCfg = Release|Any CPU
		{DE7A3531-EF85-4989-9669-B4660077CA91}.Release|Any CPU.Build.0 = Release|Any CPU
		{FFBB9D49-F8BF-4948-83CD-F74FBB10D874}.Debug|Any CPU.ActiveCfg = Debug|Any CPU
		{FFBB9D49-F8BF-4948-83CD-F74FBB10D874}.Debug|Any CPU.Build.0 = Debug|Any CPU
		{FFBB9D49-F8BF-4948-83CD-F74FBB10D874}.Release|Any CPU.ActiveCfg = Release|Any CPU
		{FFBB9D49-F8BF-4948-83CD-F74FBB10D874}.Release|Any CPU.Build.0 = Release|Any CPU
	EndGlobalSection
	GlobalSection(SolutionProperties) = preSolution
		HideSolutionNode = FALSE
	EndGlobalSection
	GlobalSection(ExtensibilityGlobals) = postSolution
		SolutionGuid = {DC4DCC2E-1260-4BF9-9C59-E9C8F9741CD1}
	EndGlobalSection
	GlobalSection(NestedProjects) = preSolution
		{F67F85A4-D4BE-43C6-BEE1-867A39090542} = {C42DC558-E56D-414D-8F27-E9456589AB8E}
		{409FE211-6984-4AA6-B35E-4BC19F1FBFDE} = {C42DC558-E56D-414D-8F27-E9456589AB8E}
		{0DC5C342-6D6B-4118-8672-DB8A37A726EC} = {C859BA1E-AF4F-4B03-83C7-3D92A176D123}
		{D4ED6E22-F599-48E7-B29F-7A12EF7A5783} = {C859BA1E-AF4F-4B03-83C7-3D92A176D123}
		{E8035A64-BA7F-45D3-8006-3D19871036F4} = {C859BA1E-AF4F-4B03-83C7-3D92A176D123}
		{82A926DC-CF5E-458F-AA4C-69C098DBF690} = {C42DC558-E56D-414D-8F27-E9456589AB8E}
		{D01BE6EE-CA7C-46C1-AA19-6303F42CFC4A} = {C42DC558-E56D-414D-8F27-E9456589AB8E}
		{A6674FF4-55B5-40A2-BC07-9AF9E4F58AA5} = {C859BA1E-AF4F-4B03-83C7-3D92A176D123}
		{44111165-99FC-40D5-8ACF-1CDE3E75F483} = {A6674FF4-55B5-40A2-BC07-9AF9E4F58AA5}
		{824F4A29-9869-46E8-836E-9A6191E16EC0} = {C859BA1E-AF4F-4B03-83C7-3D92A176D123}
		{B7431186-0C55-4879-A963-334D80D4989C} = {E317CDC0-DD5F-44D0-A6A1-7DBF0F0BD5EA}
		{E3461CD6-4D14-4AB2-8AE5-11CE32D55D2A} = {D01BE6EE-CA7C-46C1-AA19-6303F42CFC4A}
		{DE7A3531-EF85-4989-9669-B4660077CA91} = {C859BA1E-AF4F-4B03-83C7-3D92A176D123}
		{FFBB9D49-F8BF-4948-83CD-F74FBB10D874} = {C859BA1E-AF4F-4B03-83C7-3D92A176D123}
	EndGlobalSection
EndGlobal
