
Microsoft Visual Studio Solution File, Format Version 12.00
# Visual Studio Version 16
VisualStudioVersion = 25.0.1700.0
MinimumVisualStudioVersion = 10.0.40219.1
Project("{2150E333-8FDC-42A3-9474-1A3956D46DE8}") = "01 - Applications", "01 - Applications", "{E317CDC0-DD5F-44D0-A6A1-7DBF0F0BD5EA}"
EndProject
Project("{2150E333-8FDC-42A3-9474-1A3956D46DE8}") = "02 - VotingCoreSystem", "02 - VotingCoreSystem", "{C42DC558-E56D-414D-8F27-E9456589AB8E}"
EndProject
Project("{2150E333-8FDC-42A3-9474-1A3956D46DE8}") = "03 - Shared", "03 - Shared", "{C859BA1E-AF4F-4B03-83C7-3D92A176D123}"
EndProject
Project("{FAE04EC0-301F-11D3-BF4B-00C04F79EFBC}") = "TW.Training.Vote.Infrastructure", "TW.Training.Vote.Infrastructure\TW.Training.Vote.Infrastructure.csproj", "{F67F85A4-D4BE-43C6-BEE1-867A39090542}"
EndProject
Project("{FAE04EC0-301F-11D3-BF4B-00C04F79EFBC}") = "TW.Training.Vote.Domain", "TW.Training.Vote.Domain\TW.Training.Vote.Domain.csproj", "{409FE211-6984-4AA6-B35E-4BC19F1FBFDE}"
EndProject
Project("{FAE04EC0-301F-11D3-BF4B-00C04F79EFBC}") = "TW.Infrastructure.Domain", "TW.Infrastructure.Domain\TW.Infrastructure.Domain.csproj", "{0DC5C342-6D6B-4118-8672-DB8A37A726EC}"
EndProject
Project("{FAE04EC0-301F-11D3-BF4B-00C04F79EFBC}") = "TW.Infrastructure.Core", "TW.Infrastructure.Core\TW.Infrastructure.Core.csproj", "{D4ED6E22-F599-48E7-B29F-7A12EF7A5783}"
EndProject
Global
	GlobalSection(SolutionConfigurationPlatforms) = preSolution
		Debug|Any CPU = Debug|Any CPU
		Release|Any CPU = Release|Any CPU
	EndGlobalSection
	GlobalSection(ProjectConfigurationPlatforms) = postSolution
		{F67F85A4-D4BE-43C6-BEE1-867A39090542}.Debug|Any CPU.ActiveCfg = Debug|Any CPU
		{F67F85A4-D4BE-43C6-BEE1-867A39090542}.Debug|Any CPU.Build.0 = Debug|Any CPU
		{F67F85A4-D4BE-43C6-BEE1-867A39090542}.Release|Any CPU.ActiveCfg = Release|Any CPU
		{F67F85A4-D4BE-43C6-BEE1-867A39090542}.Release|Any CPU.Build.0 = Release|Any CPU
		{409FE211-6984-4AA6-B35E-4BC19F1FBFDE}.Debug|Any CPU.ActiveCfg = Debug|Any CPU
		{409FE211-6984-4AA6-B35E-4BC19F1FBFDE}.Debug|Any CPU.Build.0 = Debug|Any CPU
		{409FE211-6984-4AA6-B35E-4BC19F1FBFDE}.Release|Any CPU.ActiveCfg = Release|Any CPU
		{409FE211-6984-4AA6-B35E-4BC19F1FBFDE}.Release|Any CPU.Build.0 = Release|Any CPU
		{0DC5C342-6D6B-4118-8672-DB8A37A726EC}.Debug|Any CPU.ActiveCfg = Debug|Any CPU
		{0DC5C342-6D6B-4118-8672-DB8A37A726EC}.Debug|Any CPU.Build.0 = Debug|Any CPU
		{0DC5C342-6D6B-4118-8672-DB8A37A726EC}.Release|Any CPU.ActiveCfg = Release|Any CPU
		{0DC5C342-6D6B-4118-8672-DB8A37A726EC}.Release|Any CPU.Build.0 = Release|Any CPU
		{D4ED6E22-F599-48E7-B29F-7A12EF7A5783}.Debug|Any CPU.ActiveCfg = Debug|Any CPU
		{D4ED6E22-F599-48E7-B29F-7A12EF7A5783}.Debug|Any CPU.Build.0 = Debug|Any CPU
		{D4ED6E22-F599-48E7-B29F-7A12EF7A5783}.Release|Any CPU.ActiveCfg = Release|Any CPU
		{D4ED6E22-F599-48E7-B29F-7A12EF7A5783}.Release|Any CPU.Build.0 = Release|Any CPU
	EndGlobalSection
	GlobalSection(SolutionProperties) = preSolution
		HideSolutionNode = FALSE
	EndGlobalSection
	GlobalSection(ExtensibilityGlobals) = postSolution
		SolutionGuid = {DC4DCC2E-1260-4BF9-9C59-E9C8F9741CD1}
	EndGlobalSection
	GlobalSection(NestedProjects) = preSolution
		{F67F85A4-D4BE-43C6-BEE1-867A39090542} = {C42DC558-E56D-414D-8F27-E9456589AB8E}
		{409FE211-6984-4AA6-B35E-4BC19F1FBFDE} = {C42DC558-E56D-414D-8F27-E9456589AB8E}
		{0DC5C342-6D6B-4118-8672-DB8A37A726EC} = {C859BA1E-AF4F-4B03-83C7-3D92A176D123}
		{D4ED6E22-F599-48E7-B29F-7A12EF7A5783} = {C859BA1E-AF4F-4B03-83C7-3D92A176D123}
	EndGlobalSection
EndGlobal
